
Microsoft Visual Studio Solution File, Format Version 12.00
# Visual Studio 15
VisualStudioVersion = 15.0.27130.2027
MinimumVisualStudioVersion = 10.0.40219.1
Project("{8BC9CEB8-8B4A-11D0-8D11-00A0C91BC942}") = "MatrixLibraty", "MatrixLibraty\MatrixLibraty.vcxproj", "{DDB5037C-2AA0-4EC2-B218-95FB0D172AE7}"
EndProject
Project("{8BC9CEB8-8B4A-11D0-8D11-00A0C91BC942}") = "ConsoleApplication1", "ConsoleApplication1\ConsoleApplication1.vcxproj", "{218AFFA3-9DB3-4C71-BD14-9B0551AE9B1A}"
EndProject
Global
	GlobalSection(SolutionConfigurationPlatforms) = preSolution
		Debug|x64 = Debug|x64
		Debug|x86 = Debug|x86
		Release|x64 = Release|x64
		Release|x86 = Release|x86
	EndGlobalSection
	GlobalSection(ProjectConfigurationPlatforms) = postSolution
		{DDB5037C-2AA0-4EC2-B218-95FB0D172AE7}.Debug|x64.ActiveCfg = Debug|x64
		{DDB5037C-2AA0-4EC2-B218-95FB0D172AE7}.Debug|x64.Build.0 = Debug|x64
		{DDB5037C-2AA0-4EC2-B218-95FB0D172AE7}.Debug|x86.ActiveCfg = Debug|Win32
		{DDB5037C-2AA0-4EC2-B218-95FB0D172AE7}.Debug|x86.Build.0 = Debug|Win32
		{DDB5037C-2AA0-4EC2-B218-95FB0D172AE7}.Release|x64.ActiveCfg = Release|x64
		{DDB5037C-2AA0-4EC2-B218-95FB0D172AE7}.Release|x64.Build.0 = Release|x64
		{DDB5037C-2AA0-4EC2-B218-95FB0D172AE7}.Release|x86.ActiveCfg = Release|Win32
		{DDB5037C-2AA0-4EC2-B218-95FB0D172AE7}.Release|x86.Build.0 = Release|Win32
		{218AFFA3-9DB3-4C71-BD14-9B0551AE9B1A}.Debug|x64.ActiveCfg = Debug|x64
		{218AFFA3-9DB3-4C71-BD14-9B0551AE9B1A}.Debug|x64.Build.0 = Debug|x64
		{218AFFA3-9DB3-4C71-BD14-9B0551AE9B1A}.Debug|x86.ActiveCfg = Debug|Win32
		{218AFFA3-9DB3-4C71-BD14-9B0551AE9B1A}.Debug|x86.Build.0 = Debug|Win32
		{218AFFA3-9DB3-4C71-BD14-9B0551AE9B1A}.Release|x64.ActiveCfg = Release|x64
		{218AFFA3-9DB3-4C71-BD14-9B0551AE9B1A}.Release|x64.Build.0 = Release|x64
		{218AFFA3-9DB3-4C71-BD14-9B0551AE9B1A}.Release|x86.ActiveCfg = Release|Win32
		{218AFFA3-9DB3-4C71-BD14-9B0551AE9B1A}.Release|x86.Build.0 = Release|Win32
	EndGlobalSection
	GlobalSection(SolutionProperties) = preSolution
		HideSolutionNode = FALSE
	EndGlobalSection
	GlobalSection(ExtensibilityGlobals) = postSolution
		SolutionGuid = {C40EC6D6-B18E-4B2C-8976-2D3F0A4C18BC}
	EndGlobalSection
EndGlobal
